lockfileVersion: '9.0'

settings:
  autoInstallPeers: true
  excludeLinksFromLockfile: false

importers:

  .:
    dependencies:
      '@clack/prompts':
        specifier: ^0.7.0
        version: 0.7.0
      picocolors:
        specifier: ^1.0.0
        version: 1.1.1
      simple-git:
        specifier: ^3.20.0
        version: 3.28.0
      yaml:
        specifier: ^2.3.4
        version: 2.8.1
    devDependencies:
      '@trivago/prettier-plugin-sort-imports':
        specifier: ^4.3.0
        version: 4.3.0(prettier@3.6.2)
      '@types/node':
        specifier: ^20.8.0
        version: 20.19.17
      oxlint:
        specifier: ^0.11.0
        version: 0.11.1
      prettier:
        specifier: ^3.1.0
        version: 3.6.2
      prettier-plugin-packagejson:
        specifier: ^2.4.6
        version: 2.5.19(prettier@3.6.2)
      prettier-plugin-sort-json:
        specifier: ^3.1.0
        version: 3.1.0(prettier@3.6.2)
      typescript:
        specifier: ^5.2.0
        version: 5.9.2

packages:

  '@babel/code-frame@7.27.1':
    resolution: {integrity: sha512-cjQ7ZlQ0Mv3b47hABuTevyTuYN4i+loJKGeV9flcCgIK37cCXRh+L1bd3iBHlynerhQ7BhCkn2BPbQUL+rGqFg==}
    engines: {node: '>=6.9.0'}

  '@babel/generator@7.17.7':
    resolution: {integrity: sha512-oLcVCTeIFadUoArDTwpluncplrYBmTCCZZgXCbgNGvOBBiSDDK3eWO4b/+eOTli5tKv1lg+a5/NAXg+nTcei1w==}
    engines: {node: '>=6.9.0'}

  '@babel/generator@7.28.3':
    resolution: {integrity: sha512-3lSpxGgvnmZznmBkCRnVREPUFJv2wrv9iAoFDvADJc0ypmdOxdUtcLeBgBJ6zE0PMeTKnxeQzyk0xTBq4Ep7zw==}
    engines: {node: '>=6.9.0'}

  '@babel/helper-environment-visitor@7.24.7':
    resolution: {integrity: sha512-DoiN84+4Gnd0ncbBOM9AZENV4a5ZiL39HYMyZJGZ/AZEykHYdJw0wW3kdcsh9/Kn+BRXHLkkklZ51ecPKmI1CQ==}
    engines: {node: '>=6.9.0'}

  '@babel/helper-function-name@7.24.7':
    resolution: {integrity: sha512-FyoJTsj/PEUWu1/TYRiXTIHc8lbw+TDYkZuoE43opPS5TrI7MyONBE1oNvfguEXAD9yhQRrVBnXdXzSLQl9XnA==}
    engines: {node: '>=6.9.0'}

  '@babel/helper-hoist-variables@7.24.7':
    resolution: {integrity: sha512-MJJwhkoGy5c4ehfoRyrJ/owKeMl19U54h27YYftT0o2teQ3FJ3nQUf/I3LlJsX4l3qlw7WRXUmiyajvHXoTubQ==}
    engines: {node: '>=6.9.0'}

  '@babel/helper-split-export-declaration@7.24.7':
    resolution: {integrity: sha512-oy5V7pD+UvfkEATUKvIjvIAH/xCzfsFVw7ygW2SI6NClZzquT+mwdTfgfdbUiceh6iQO0CHtCPsyze/MZ2YbAA==}
    engines: {node: '>=6.9.0'}

  '@babel/helper-string-parser@7.27.1':
    resolution: {integrity: sha512-qMlSxKbpRlAridDExk92nSobyDdpPijUq2DW6oDnUqd0iOGxmQjyqhMIihI9+zv4LPyZdRje2cavWPbCbWm3eA==}
    engines: {node: '>=6.9.0'}

  '@babel/helper-validator-identifier@7.27.1':
    resolution: {integrity: sha512-D2hP9eA+Sqx1kBZgzxZh0y1trbuU+JoDkiEwqhQ36nodYqJwyEIhPSdMNd7lOm/4io72luTPWH20Yda0xOuUow==}
    engines: {node: '>=6.9.0'}

  '@babel/parser@7.28.4':
    resolution: {integrity: sha512-yZbBqeM6TkpP9du/I2pUZnJsRMGGvOuIrhjzC1AwHwW+6he4mni6Bp/m8ijn0iOuZuPI2BfkCoSRunpyjnrQKg==}
    engines: {node: '>=6.0.0'}
    hasBin: true

  '@babel/template@7.27.2':
    resolution: {integrity: sha512-LPDZ85aEJyYSd18/DkjNh4/y1ntkE5KwUHWTiqgRxruuZL2F1yuHligVHLvcHY2vMHXttKFpJn6LwfI7cw7ODw==}
    engines: {node: '>=6.9.0'}

  '@babel/traverse@7.23.2':
    resolution: {integrity: sha512-azpe59SQ48qG6nu2CzcMLbxUudtN+dOM9kDbUqGq3HXUJRlo7i8fvPoxQUzYgLZ4cMVmuZgm8vvBpNeRhd6XSw==}
    engines: {node: '>=6.9.0'}

  '@babel/types@7.17.0':
    resolution: {integrity: sha512-TmKSNO4D5rzhL5bjWFcVHHLETzfQ/AmbKpKPOSjlP0WoHZ6L911fgoOKY4Alp/emzG4cHJdyN49zpgkbXFEHHw==}
    engines: {node: '>=6.9.0'}

  '@babel/types@7.28.4':
    resolution: {integrity: sha512-bkFqkLhh3pMBUQQkpVgWDWq/lqzc2678eUyDlTBhRqhCHFguYYGM0Efga7tYk4TogG/3x0EEl66/OQ+WGbWB/Q==}
    engines: {node: '>=6.9.0'}

  '@clack/core@0.3.5':
    resolution: {integrity: sha512-5cfhQNH+1VQ2xLQlmzXMqUoiaH0lRBq9/CLW9lTyMbuKLC3+xEK01tHVvyut++mLOn5urSHmkm6I0Lg9MaJSTQ==}

  '@clack/prompts@0.7.0':
    resolution: {integrity: sha512-0MhX9/B4iL6Re04jPrttDm+BsP8y6mS7byuv0BvXgdXhbV5PdlsHt55dvNsuBCPZ7xq1oTAOOuotR9NFbQyMSA==}
    bundledDependencies:
      - is-unicode-supported

  '@jridgewell/gen-mapping@0.3.13':
    resolution: {integrity: sha512-2kkt/7niJ6MgEPxF0bYdQ6etZaA+fQvDcLKckhy1yIQOzaoKjBBjSj63/aLVjYE3qhRt5dvM+uUyfCg6UKCBbA==}

  '@jridgewell/resolve-uri@3.1.2':
    resolution: {integrity: sha512-bRISgCIjP20/tbWSPWMEi54QVPRZExkuD9lJL+UIxUKtwVJA8wW1Trb1jMs1RFXo1CBTNZ/5hpC9QvmKWdopKw==}
    engines: {node: '>=6.0.0'}

  '@jridgewell/sourcemap-codec@1.5.5':
    resolution: {integrity: sha512-cYQ9310grqxueWbl+WuIUIaiUaDcj7WOq5fVhEljNVgRfOUhY9fy2zTvfoqWsnebh8Sl70VScFbICvJnLKB0Og==}

  '@jridgewell/trace-mapping@0.3.31':
    resolution: {integrity: sha512-zzNR+SdQSDJzc8joaeP8QQoCQr8NuYx2dIIytl1QeBEZHJ9uW6hebsrYgbz8hJwUQao3TWCMtmfV8Nu1twOLAw==}

  '@kwsites/file-exists@1.1.1':
    resolution: {integrity: sha512-m9/5YGR18lIwxSFDwfE3oA7bWuq9kdau6ugN4H2rJeyhFQZcG9AgSHkQtSD15a8WvTgfz9aikZMrKPHvbpqFiw==}

  '@kwsites/promise-deferred@1.1.1':
    resolution: {integrity: sha512-GaHYm+c0O9MjZRu0ongGBRbinu8gVAMd2UZjji6jVmqKtZluZnptXGWhz1E8j8D2HJ3f/yMxKAUC0b+57wncIw==}

  '@oxlint/darwin-arm64@0.11.1':
    resolution: {integrity: sha512-S+cHn49fT+qSJXhQ3Z4EG/5ENp2dAUbS2sMNkhgkLqlO8aYl0TR9R7omU3vpU/beu8ePnV+mdVlJYGjsPIMGtg==}
    cpu: [arm64]
    os: [darwin]

  '@oxlint/darwin-x64@0.11.1':
    resolution: {integrity: sha512-LPuF0D8uu30KIVEeVuGwIPwHwJRQ1i1otwFFH7tRsNXPgMgZJ4VgriyH22i6RWwBtclJoCSBLtGK6gLZ0oZBvw==}
    cpu: [x64]
    os: [darwin]

  '@oxlint/linux-arm64-gnu@0.11.1':
    resolution: {integrity: sha512-CYBE+GRIPs5e+raD2pdicuBn6Y6E1xAnyWQ/kHE4GEWDAQZY0Um2VYEUTGH2ObwJ3uXr6jeJ16HOKJvr0S8a8w==}
    cpu: [arm64]
    os: [linux]
    libc: [glibc]

  '@oxlint/linux-arm64-musl@0.11.1':
    resolution: {integrity: sha512-iYXF5N5Gv+lc2wt90kxXy/W0cn7IEWu3UPzewIjPGDH8ajDckvGzZx6pTGYJnTyMh7U6hUKwOBFPVLMWI7UwKQ==}
    cpu: [arm64]
    os: [linux]
    libc: [musl]

  '@oxlint/linux-x64-gnu@0.11.1':
    resolution: {integrity: sha512-D0tT8X0CsK/bpdkGdLSmsGftG3VndjyAUJuNGt56JYn0UfuPDkhQcLgUlkANHzNRXJ84tLQKhpf/MUDUHPB5cg==}
    cpu: [x64]
    os: [linux]
    libc: [glibc]

  '@oxlint/linux-x64-musl@0.11.1':
    resolution: {integrity: sha512-WekaLYk8WLT7Di8+nyPvtqs9OlMoO6KjFDMlqqLDWQTk9ffjn8e76PCRigF3w39jQ70qP3c8k8cNKNw5ROuFcg==}
    cpu: [x64]
    os: [linux]
    libc: [musl]

  '@oxlint/win32-arm64@0.11.1':
    resolution: {integrity: sha512-/CN/bFtI33vB8uemOkZxlNRf6Q7CftP2pSO7a6Q2niG4NC99YRPj7ctXcPF0jGR0NQUhGZk7ajM4G/0MKcRdag==}
    cpu: [arm64]
    os: [win32]

  '@oxlint/win32-x64@0.11.1':
    resolution: {integrity: sha512-0hLl0z6adYTvLIOPC5uyo+EAwNITkzi4AY4xImykQW8H89GhiV9Xl8MPJeZQMWSz7ajI1I2+hRsvA0QAzeBsxA==}
    cpu: [x64]
    os: [win32]

  '@pkgr/core@0.2.9':
    resolution: {integrity: sha512-QNqXyfVS2wm9hweSYD2O7F0G06uurj9kZ96TRQE5Y9hU7+tgdZwIkbAKc5Ocy1HxEY2kuDQa6cQ1WRs/O5LFKA==}
    engines: {node: ^12.20.0 || ^14.18.0 || >=16.0.0}

  '@trivago/prettier-plugin-sort-imports@4.3.0':
    resolution: {integrity: sha512-r3n0onD3BTOVUNPhR4lhVK4/pABGpbA7bW3eumZnYdKaHkf1qEC+Mag6DPbGNuuh0eG8AaYj+YqmVHSiGslaTQ==}
    peerDependencies:
      '@vue/compiler-sfc': 3.x
      prettier: 2.x - 3.x
    peerDependenciesMeta:
      '@vue/compiler-sfc':
        optional: true

  '@types/node@20.19.17':
    resolution: {integrity: sha512-gfehUI8N1z92kygssiuWvLiwcbOB3IRktR6hTDgJlXMYh5OvkPSRmgfoBUmfZt+vhwJtX7v1Yw4KvvAf7c5QKQ==}

  debug@4.4.3:
    resolution: {integrity: sha512-RGwwWnwQvkVfavKVt22FGLw+xYSdzARwm0ru6DhTVA3umU5hZc28V3kO4stgYryrTlLpuvgI9GiijltAjNbcqA==}
    engines: {node: '>=6.0'}
    peerDependencies:
      supports-color: '*'
    peerDependenciesMeta:
      supports-color:
        optional: true

  detect-indent@7.0.2:
    resolution: {integrity: sha512-y+8xyqdGLL+6sh0tVeHcfP/QDd8gUgbasolJJpY7NgeQGSZ739bDtSiaiDgtoicy+mtYB81dKLxO9xRhCyIB3A==}
    engines: {node: '>=12.20'}

  detect-newline@4.0.1:
    resolution: {integrity: sha512-qE3Veg1YXzGHQhlA6jzebZN2qVf6NX+A7m7qlhCGG30dJixrAQhYOsJjsnBjJkCSmuOPpCk30145fr8FV0bzog==}
    engines: {node: ^12.20.0 || ^14.13.1 || >=16.0.0}

  fdir@6.5.0:
    resolution: {integrity: sha512-tIbYtZbucOs0BRGqPJkshJUYdL+SDH7dVM8gjy+ERp3WAUjLEFJE+02kanyHtwjWOnwrKYBiwAmM0p4kLJAnXg==}
    engines: {node: '>=12.0.0'}
    peerDependencies:
      picomatch: ^3 || ^4
    peerDependenciesMeta:
      picomatch:
        optional: true

  git-hooks-list@4.1.1:
    resolution: {integrity: sha512-cmP497iLq54AZnv4YRAEMnEyQ1eIn4tGKbmswqwmFV4GBnAqE8NLtWxxdXa++AalfgL5EBH4IxTPyquEuGY/jA==}

  globals@11.12.0:
    resolution: {integrity: sha512-WOBp/EEGUiIsJSp7wcv/y6MO+lV9UoncWqxuFfm8eBwzWNgyfBd6Gz+IeKQ9jCmyhoH99g15M3T+QaVHFjizVA==}
    engines: {node: '>=4'}

  is-plain-obj@4.1.0:
    resolution: {integrity: sha512-+Pgi+vMuUNkJyExiMBt5IlFoMyKnr5zhJ4Uspz58WOhBF5QoIZkFyNHIbBAtHwzVAgk5RtndVNsDRN61/mmDqg==}
    engines: {node: '>=12'}

  javascript-natural-sort@0.7.1:
    resolution: {integrity: sha512-nO6jcEfZWQXDhOiBtG2KvKyEptz7RVbpGP4vTD2hLBdmNQSsCiicO2Ioinv6UI4y9ukqnBpy+XZ9H6uLNgJTlw==}

  js-tokens@4.0.0:
    resolution: {integrity: sha512-RdJUflcE3cUzKiMqQgsCu06FPu9UdIJO0beYbPhHN4k6apgJtifcoCtT9bcxOpYBtpD2kCM6Sbzg4CausW/PKQ==}

  jsesc@2.5.2:
    resolution: {integrity: sha512-OYu7XEzjkCQ3C5Ps3QIZsQfNpqoJyZZA99wd9aWd05NCtC5pWOkShK2mkL6HXQR6/Cy2lbNdPlZBpuQHXE63gA==}
    engines: {node: '>=4'}
    hasBin: true

  jsesc@3.1.0:
    resolution: {integrity: sha512-/sM3dO2FOzXjKQhJuo0Q173wf2KOo8t4I8vHy6lF9poUp7bKT0/NHE8fPX23PwfhnykfqnC2xRxOnVw5XuGIaA==}
    engines: {node: '>=6'}
    hasBin: true

  lodash@4.17.21:
    resolution: {integrity: sha512-v2kDEe57lecTulaDIuNTPy3Ry4gLGJ6Z1O3vE1krgXZNrsQ+LFTGHVxVjcXPs17LhbZVGedAJv8XZ1tvj5FvSg==}

  ms@2.1.3:
    resolution: {integrity: sha512-6FlzubTLZG3J2a/NVCAleEhjzq5oxgHyaCU9yYXvcLsvoVaHJq/s5xXI6/XXP6tz7R9xAOtHnSO/tXtF3WRTlA==}

  oxlint@0.11.1:
    resolution: {integrity: sha512-yVTkBmSvn1mo69vxBdNASOGFd1oqWzpaIWPFPIXNAHxgrW7FjotKuJ71j/pqtZH/sVSRWTpQFdmBa3CIuBEILg==}
    engines: {node: '>=14.*'}
    hasBin: true

  picocolors@1.1.1:
    resolution: {integrity: sha512-xceH2snhtb5M9liqDsmEw56le376mTZkEX/jEb/RxNFyegNul7eNslCXP9FDj/Lcu0X8KEyMceP2ntpaHrDEVA==}

  picomatch@4.0.3:
    resolution: {integrity: sha512-5gTmgEY/sqK6gFXLIsQNH19lWb4ebPDLA4SdLP7dsWkIXHWlG66oPuVvXSGFPppYZz8ZDZq0dYYrbHfBCVUb1Q==}
    engines: {node: '>=12'}

  prettier-plugin-packagejson@2.5.19:
    resolution: {integrity: sha512-Qsqp4+jsZbKMpEGZB1UP1pxeAT8sCzne2IwnKkr+QhUe665EXUo3BAvTf1kAPCqyMv9kg3ZmO0+7eOni/C6Uag==}
    peerDependencies:
      prettier: '>= 1.16.0'
    peerDependenciesMeta:
      prettier:
        optional: true

  prettier-plugin-sort-json@3.1.0:
    resolution: {integrity: sha512-eIDEUjwzekiVd+oKrpd0aoACBTp5zOW71wDTNy+qQ5C9Q8oqt9n9wCm4F+SeRZbXfgblh/WYIguJynImlBXrvQ==}
    engines: {node: '>=16.0.0'}
    peerDependencies:
      prettier: ^3.0.0

  prettier@3.6.2:
    resolution: {integrity: sha512-I7AIg5boAr5R0FFtJ6rCfD+LFsWHp81dolrFD8S79U9tb8Az2nGrJncnMSnys+bpQJfRUzqs9hnA81OAA3hCuQ==}
    engines: {node: '>=14'}
    hasBin: true

  semver@7.7.2:
    resolution: {integrity: sha512-RF0Fw+rO5AMf9MAyaRXI4AV0Ulj5lMHqVxxdSgiVbixSCXoEmmX/jk0CuJw4+3SqroYO9VoUh+HcuJivvtJemA==}
    engines: {node: '>=10'}
    hasBin: true

  simple-git@3.28.0:
    resolution: {integrity: sha512-Rs/vQRwsn1ILH1oBUy8NucJlXmnnLeLCfcvbSehkPzbv3wwoFWIdtfd6Ndo6ZPhlPsCZ60CPI4rxurnwAa+a2w==}

  sisteransi@1.0.5:
    resolution: {integrity: sha512-bLGGlR1QxBcynn2d5YmDX4MGjlZvy2MRBDRNHLJ8VI6l6+9FUiyTFNJ0IveOSP0bcXgVDPRcfGqA0pjaqUpfVg==}

  sort-object-keys@1.1.3:
    resolution: {integrity: sha512-855pvK+VkU7PaKYPc+Jjnmt4EzejQHyhhF33q31qG8x7maDzkeFhAAThdCYay11CISO+qAMwjOBP+fPZe0IPyg==}

  sort-package-json@3.4.0:
    resolution: {integrity: sha512-97oFRRMM2/Js4oEA9LJhjyMlde+2ewpZQf53pgue27UkbEXfHJnDzHlUxQ/DWUkzqmp7DFwJp8D+wi/TYeQhpA==}
    engines: {node: '>=20'}
    hasBin: true

  source-map@0.5.7:
    resolution: {integrity: sha512-LbrmJOMUSdEVxIKvdcJzQC+nQhe8FUZQTXQy6+I75skNgn3OoQ0DZA8YnFa7gp8tqtL3KPf1kmo0R5DoApeSGQ==}
    engines: {node: '>=0.10.0'}

  synckit@0.11.11:
    resolution: {integrity: sha512-MeQTA1r0litLUf0Rp/iisCaL8761lKAZHaimlbGK4j0HysC4PLfqygQj9srcs0m2RdtDYnF8UuYyKpbjHYp7Jw==}
    engines: {node: ^14.18.0 || >=16.0.0}

  tinyglobby@0.2.15:
    resolution: {integrity: sha512-j2Zq4NyQYG5XMST4cbs02Ak8iJUdxRM0XI5QyxXuZOzKOINmWurp3smXu3y5wDcJrptwpSjgXHzIQxR0omXljQ==}
    engines: {node: '>=12.0.0'}

  to-fast-properties@2.0.0:
    resolution: {integrity: sha512-/OaKK0xYrs3DmxRYqL/yDc+FxFUVYhDlXMhRmv3z915w2HF1tnN1omB354j8VUGO/hbRzyD6Y3sA7v7GS/ceog==}
    engines: {node: '>=4'}

  typescript@5.9.2:
    resolution: {integrity: sha512-CWBzXQrc/qOkhidw1OzBTQuYRbfyxDXJMVJ1XNwUHGROVmuaeiEm3OslpZ1RV96d7SKKjZKrSJu3+t/xlw3R9A==}
    engines: {node: '>=14.17'}
    hasBin: true

  undici-types@6.21.0:
    resolution: {integrity: sha512-iwDZqg0QAGrg9Rav5H4n0M64c3mkR59cJ6wQp+7C4nI0gsmExaedaYLNO44eT4AtBBwjbTiGPMlt2Md0T9H9JQ==}

  yaml@2.8.1:
    resolution: {integrity: sha512-lcYcMxX2PO9XMGvAJkJ3OsNMw+/7FKes7/hgerGUYWIoWu5j/+YQqcZr5JnPZWzOsEBgMbSbiSTn/dv/69Mkpw==}
    engines: {node: '>= 14.6'}
    hasBin: true

snapshots:

  '@babel/code-frame@7.27.1':
    dependencies:
      '@babel/helper-validator-identifier': 7.27.1
      js-tokens: 4.0.0
      picocolors: 1.1.1

  '@babel/generator@7.17.7':
    dependencies:
      '@babel/types': 7.17.0
      jsesc: 2.5.2
      source-map: 0.5.7

  '@babel/generator@7.28.3':
    dependencies:
      '@babel/parser': 7.28.4
      '@babel/types': 7.28.4
      '@jridgewell/gen-mapping': 0.3.13
      '@jridgewell/trace-mapping': 0.3.31
      jsesc: 3.1.0

  '@babel/helper-environment-visitor@7.24.7':
    dependencies:
      '@babel/types': 7.28.4

  '@babel/helper-function-name@7.24.7':
    dependencies:
      '@babel/template': 7.27.2
      '@babel/types': 7.28.4

  '@babel/helper-hoist-variables@7.24.7':
    dependencies:
      '@babel/types': 7.28.4

  '@babel/helper-split-export-declaration@7.24.7':
    dependencies:
      '@babel/types': 7.28.4

  '@babel/helper-string-parser@7.27.1': {}

  '@babel/helper-validator-identifier@7.27.1': {}

  '@babel/parser@7.28.4':
    dependencies:
      '@babel/types': 7.28.4

  '@babel/template@7.27.2':
    dependencies:
      '@babel/code-frame': 7.27.1
      '@babel/parser': 7.28.4
      '@babel/types': 7.28.4

  '@babel/traverse@7.23.2':
    dependencies:
      '@babel/code-frame': 7.27.1
      '@babel/generator': 7.28.3
      '@babel/helper-environment-visitor': 7.24.7
      '@babel/helper-function-name': 7.24.7
      '@babel/helper-hoist-variables': 7.24.7
      '@babel/helper-split-export-declaration': 7.24.7
      '@babel/parser': 7.28.4
      '@babel/types': 7.28.4
      debug: 4.4.3
      globals: 11.12.0
    transitivePeerDependencies:
      - supports-color

  '@babel/types@7.17.0':
    dependencies:
      '@babel/helper-validator-identifier': 7.27.1
      to-fast-properties: 2.0.0

  '@babel/types@7.28.4':
    dependencies:
      '@babel/helper-string-parser': 7.27.1
      '@babel/helper-validator-identifier': 7.27.1

  '@clack/core@0.3.5':
    dependencies:
      picocolors: 1.1.1
      sisteransi: 1.0.5

  '@clack/prompts@0.7.0':
    dependencies:
      '@clack/core': 0.3.5
      picocolors: 1.1.1
      sisteransi: 1.0.5

  '@jridgewell/gen-mapping@0.3.13':
    dependencies:
      '@jridgewell/sourcemap-codec': 1.5.5
      '@jridgewell/trace-mapping': 0.3.31

  '@jridgewell/resolve-uri@3.1.2': {}

  '@jridgewell/sourcemap-codec@1.5.5': {}

  '@jridgewell/trace-mapping@0.3.31':
    dependencies:
      '@jridgewell/resolve-uri': 3.1.2
      '@jridgewell/sourcemap-codec': 1.5.5

  '@kwsites/file-exists@1.1.1':
    dependencies:
      debug: 4.4.3
    transitivePeerDependencies:
      - supports-color

  '@kwsites/promise-deferred@1.1.1': {}

  '@oxlint/darwin-arm64@0.11.1':
    optional: true

  '@oxlint/darwin-x64@0.11.1':
    optional: true

  '@oxlint/linux-arm64-gnu@0.11.1':
    optional: true

  '@oxlint/linux-arm64-musl@0.11.1':
    optional: true

  '@oxlint/linux-x64-gnu@0.11.1':
    optional: true

  '@oxlint/linux-x64-musl@0.11.1':
    optional: true

  '@oxlint/win32-arm64@0.11.1':
    optional: true

  '@oxlint/win32-x64@0.11.1':
    optional: true

  '@pkgr/core@0.2.9': {}

  '@trivago/prettier-plugin-sort-imports@4.3.0(prettier@3.6.2)':
    dependencies:
      '@babel/generator': 7.17.7
      '@babel/parser': 7.28.4
      '@babel/traverse': 7.23.2
      '@babel/types': 7.17.0
      javascript-natural-sort: 0.7.1
      lodash: 4.17.21
      prettier: 3.6.2
    transitivePeerDependencies:
      - supports-color

  '@types/node@20.19.17':
    dependencies:
      undici-types: 6.21.0

  debug@4.4.3:
    dependencies:
      ms: 2.1.3

  detect-indent@7.0.2: {}

  detect-newline@4.0.1: {}

  fdir@6.5.0(picomatch@4.0.3):
    optionalDependencies:
      picomatch: 4.0.3

  git-hooks-list@4.1.1: {}

  globals@11.12.0: {}

  is-plain-obj@4.1.0: {}

  javascript-natural-sort@0.7.1: {}

  js-tokens@4.0.0: {}

  jsesc@2.5.2: {}

  jsesc@3.1.0: {}

  lodash@4.17.21: {}

  ms@2.1.3: {}

  oxlint@0.11.1:
    optionalDependencies:
      '@oxlint/darwin-arm64': 0.11.1
      '@oxlint/darwin-x64': 0.11.1
      '@oxlint/linux-arm64-gnu': 0.11.1
      '@oxlint/linux-arm64-musl': 0.11.1
      '@oxlint/linux-x64-gnu': 0.11.1
      '@oxlint/linux-x64-musl': 0.11.1
      '@oxlint/win32-arm64': 0.11.1
      '@oxlint/win32-x64': 0.11.1

  picocolors@1.1.1: {}

  picomatch@4.0.3: {}

  prettier-plugin-packagejson@2.5.19(prettier@3.6.2):
    dependencies:
      sort-package-json: 3.4.0
      synckit: 0.11.11
    optionalDependencies:
      prettier: 3.6.2

  prettier-plugin-sort-json@3.1.0(prettier@3.6.2):
    dependencies:
      prettier: 3.6.2

  prettier@3.6.2: {}

  semver@7.7.2: {}

  simple-git@3.28.0:
    dependencies:
      '@kwsites/file-exists': 1.1.1
      '@kwsites/promise-deferred': 1.1.1
      debug: 4.4.3
    transitivePeerDependencies:
      - supports-color

  sisteransi@1.0.5: {}

  sort-object-keys@1.1.3: {}

  sort-package-json@3.4.0:
    dependencies:
      detect-indent: 7.0.2
      detect-newline: 4.0.1
      git-hooks-list: 4.1.1
      is-plain-obj: 4.1.0
      semver: 7.7.2
      sort-object-keys: 1.1.3
      tinyglobby: 0.2.15

  source-map@0.5.7: {}

  synckit@0.11.11:
    dependencies:
      '@pkgr/core': 0.2.9

  tinyglobby@0.2.15:
    dependencies:
      fdir: 6.5.0(picomatch@4.0.3)
      picomatch: 4.0.3

  to-fast-properties@2.0.0: {}

  typescript@5.9.2: {}

  undici-types@6.21.0: {}

  yaml@2.8.1: {}
